// !$*UTF8*$!
{
	archiveVersion = 1;
	classes = {
	};
	objectVersion = 50;
	objects = {

/* Begin PBXBuildFile section */
		22A929B7248E829F00E9C0B8 /* Pie.swift in Sources */ = {isa = PBXBuildFile; fileRef = 22A929B6248E829F00E9C0B8 /* Pie.swift */; };
		22A929B9248EB09500E9C0B8 /* Cardify.swift in Sources */ = {isa = PBXBuildFile; fileRef = 22A929B8248EB09500E9C0B8 /* Cardify.swift */; };
		2C21ACDF2484538D003738D0 /* Array+Identifiable.swift in Sources */ = {isa = PBXBuildFile; fileRef = 2C21ACDE2484538D003738D0 /* Array+Identifiable.swift */; };
		2C21ACE324845997003738D0 /* Array+Only.swift in Sources */ = {isa = PBXBuildFile; fileRef = 2C21ACE224845997003738D0 /* Array+Only.swift */; };
		2C230B6C247967D80041C22A /* AppDelegate.swift in Sources */ = {isa = PBXBuildFile; fileRef = 2C230B6B247967D80041C22A /* AppDelegate.swift */; };
		2C230B6E247967D80041C22A /* SceneDelegate.swift in Sources */ = {isa = PBXBuildFile; fileRef = 2C230B6D247967D80041C22A /* SceneDelegate.swift */; };
		2C230B70247967D80041C22A /* EmojiMemoryGameView.swift in Sources */ = {isa = PBXBuildFile; fileRef = 2C230B6F247967D80041C22A /* EmojiMemoryGameView.swift */; };
		2C230B72247967DA0041C22A /* Assets.xcassets in Resources */ = {isa = PBXBuildFile; fileRef = 2C230B71247967DA0041C22A /* Assets.xcassets */; };
		2C230B75247967DA0041C22A /* Preview Assets.xcassets in Resources */ = {isa = PBXBuildFile; fileRef = 2C230B74247967DA0041C22A /* Preview Assets.xcassets */; };
		2C230B78247967DA0041C22A /* LaunchScreen.storyboard in Resources */ = {isa = PBXBuildFile; fileRef = 2C230B76247967DA0041C22A /* LaunchScreen.storyboard */; };
		2C230B80247975F20041C22A /* CardView.swift in Sources */ = {isa = PBXBuildFile; fileRef = 2C230B7F247975F20041C22A /* CardView.swift */; };
		2C3CBAFE24A7FCC800C86C52 /* ThemeEditorView.swift in Sources */ = {isa = PBXBuildFile; fileRef = 2C3CBAFD24A7FCC800C86C52 /* ThemeEditorView.swift */; };
		2C3E367B24B0C7CC00485349 /* EmojiMemoryThemeStore.swift in Sources */ = {isa = PBXBuildFile; fileRef = 2C3E367A24B0C7CC00485349 /* EmojiMemoryThemeStore.swift */; };
		2C4F62D324A8F58E00DE3099 /* ColorPalette.swift in Sources */ = {isa = PBXBuildFile; fileRef = 2C4F62D224A8F58E00DE3099 /* ColorPalette.swift */; };
		2C517F87248529C300C894DA /* Theme.swift in Sources */ = {isa = PBXBuildFile; fileRef = 2C517F86248529C300C894DA /* Theme.swift */; };
		2C69680224A2297C00F82822 /* UIColor+RGB.swift in Sources */ = {isa = PBXBuildFile; fileRef = 2C69680124A2297C00F82822 /* UIColor+RGB.swift */; };
		2C69680424A22A7600F82822 /* Data+UTF8.swift in Sources */ = {isa = PBXBuildFile; fileRef = 2C69680324A22A7600F82822 /* Data+UTF8.swift */; };
		2C98ADBF248449A5009568AF /* EmojiMemoryGame.swift in Sources */ = {isa = PBXBuildFile; fileRef = 2C98ADBE248449A5009568AF /* EmojiMemoryGame.swift */; };
		2C98ADC224844DC6009568AF /* Grid.swift in Sources */ = {isa = PBXBuildFile; fileRef = 2C98ADC124844DC6009568AF /* Grid.swift */; };
		2C98ADC524844F20009568AF /* GridLayout.swift in Sources */ = {isa = PBXBuildFile; fileRef = 2C98ADC424844F20009568AF /* GridLayout.swift */; };
		2C996B8A248A884E009DDDB4 /* ThemeChooserView.swift in Sources */ = {isa = PBXBuildFile; fileRef = 2C996B89248A884E009DDDB4 /* ThemeChooserView.swift */; };
		2CAE89252479DEEE00906C55 /* MemoryGame.swift in Sources */ = {isa = PBXBuildFile; fileRef = 2CAE89242479DEEE00906C55 /* MemoryGame.swift */; };
		2CCE94EF24B2463700F7EEFA /* Array+Equatable.swift in Sources */ = {isa = PBXBuildFile; fileRef = 2CCE94EE24B2463700F7EEFA /* Array+Equatable.swift */; };
/* End PBXBuildFile section */

/* Begin PBXFileReference section */
		22A929B6248E829F00E9C0B8 /* Pie.swift */ = {isa = PBXFileReference; lastKnownFileType = sourcecode.swift; path = Pie.swift; sourceTree = "<group>"; };
		22A929B8248EB09500E9C0B8 /* Cardify.swift */ = {isa = PBXFileReference; lastKnownFileType = sourcecode.swift; path = Cardify.swift; sourceTree = "<group>"; };
		2C21ACDE2484538D003738D0 /* Array+Identifiable.swift */ = {isa = PBXFileReference; lastKnownFileType = sourcecode.swift; path = "Array+Identifiable.swift"; sourceTree = "<group>"; };
		2C21ACE224845997003738D0 /* Array+Only.swift */ = {isa = PBXFileReference; lastKnownFileType = sourcecode.swift; path = "Array+Only.swift"; sourceTree = "<group>"; };
		2C230B68247967D80041C22A /* Memorize.app */ = {isa = PBXFileReference; explicitFileType = wrapper.application; includeInIndex = 0; path = Memorize.app; sourceTree = BUILT_PRODUCTS_DIR; };
		2C230B6B247967D80041C22A /* AppDelegate.swift */ = {isa = PBXFileReference; lastKnownFileType = sourcecode.swift; path = AppDelegate.swift; sourceTree = "<group>"; };
		2C230B6D247967D80041C22A /* SceneDelegate.swift */ = {isa = PBXFileReference; lastKnownFileType = sourcecode.swift; path = SceneDelegate.swift; sourceTree = "<group>"; };
		2C230B6F247967D80041C22A /* EmojiMemoryGameView.swift */ = {isa = PBXFileReference; lastKnownFileType = sourcecode.swift; path = EmojiMemoryGameView.swift; sourceTree = "<group>"; };
		2C230B71247967DA0041C22A /* Assets.xcassets */ = {isa = PBXFileReference; lastKnownFileType = folder.assetcatalog; path = Assets.xcassets; sourceTree = "<group>"; };
		2C230B74247967DA0041C22A /* Preview Assets.xcassets */ = {isa = PBXFileReference; lastKnownFileType = folder.assetcatalog; path = "Preview Assets.xcassets"; sourceTree = "<group>"; };
		2C230B77247967DA0041C22A /* Base */ = {isa = PBXFileReference; lastKnownFileType = file.storyboard; name = Base; path = Base.lproj/LaunchScreen.storyboard; sourceTree = "<group>"; };
		2C230B79247967DA0041C22A /* Info.plist */ = {isa = PBXFileReference; lastKnownFileType = text.plist.xml; path = Info.plist; sourceTree = "<group>"; };
		2C230B7F247975F20041C22A /* CardView.swift */ = {isa = PBXFileReference; lastKnownFileType = sourcecode.swift; path = CardView.swift; sourceTree = "<group>"; };
		2C3CBAFD24A7FCC800C86C52 /* ThemeEditorView.swift */ = {isa = PBXFileReference; lastKnownFileType = sourcecode.swift; path = ThemeEditorView.swift; sourceTree = "<group>"; };
		2C3E367A24B0C7CC00485349 /* EmojiMemoryThemeStore.swift */ = {isa = PBXFileReference; lastKnownFileType = sourcecode.swift; path = EmojiMemoryThemeStore.swift; sourceTree = "<group>"; };
		2C4F62D224A8F58E00DE3099 /* ColorPalette.swift */ = {isa = PBXFileReference; lastKnownFileType = sourcecode.swift; path = ColorPalette.swift; sourceTree = "<group>"; };
		2C517F86248529C300C894DA /* Theme.swift */ = {isa = PBXFileReference; lastKnownFileType = sourcecode.swift; path = Theme.swift; sourceTree = "<group>"; };
		2C69680124A2297C00F82822 /* UIColor+RGB.swift */ = {isa = PBXFileReference; lastKnownFileType = sourcecode.swift; path = "UIColor+RGB.swift"; sourceTree = "<group>"; };
		2C69680324A22A7600F82822 /* Data+UTF8.swift */ = {isa = PBXFileReference; lastKnownFileType = sourcecode.swift; path = "Data+UTF8.swift"; sourceTree = "<group>"; };
		2C98ADBE248449A5009568AF /* EmojiMemoryGame.swift */ = {isa = PBXFileReference; fileEncoding = 4; lastKnownFileType = sourcecode.swift; path = EmojiMemoryGame.swift; sourceTree = "<group>"; };
		2C98ADC124844DC6009568AF /* Grid.swift */ = {isa = PBXFileReference; lastKnownFileType = sourcecode.swift; path = Grid.swift; sourceTree = "<group>"; };
		2C98ADC424844F20009568AF /* GridLayout.swift */ = {isa = PBXFileReference; fileEncoding = 4; lastKnownFileType = sourcecode.swift; path = GridLayout.swift; sourceTree = "<group>"; };
		2C996B89248A884E009DDDB4 /* ThemeChooserView.swift */ = {isa = PBXFileReference; lastKnownFileType = sourcecode.swift; path = ThemeChooserView.swift; sourceTree = "<group>"; };
		2CAE89242479DEEE00906C55 /* MemoryGame.swift */ = {isa = PBXFileReference; lastKnownFileType = sourcecode.swift; path = MemoryGame.swift; sourceTree = "<group>"; };
		2CCE94EE24B2463700F7EEFA /* Array+Equatable.swift */ = {isa = PBXFileReference; lastKnownFileType = sourcecode.swift; path = "Array+Equatable.swift"; sourceTree = "<group>"; };
/* End PBXFileReference section */

/* Begin PBXFrameworksBuildPhase section */
		2C230B65247967D80041C22A /* Frameworks */ = {
			isa = PBXFrameworksBuildPhase;
			buildActionMask = 2147483647;
			files = (
			);
			runOnlyForDeploymentPostprocessing = 0;
		};
/* End PBXFrameworksBuildPhase section */

/* Begin PBXGroup section */
		22A929BA248EB09A00E9C0B8 /* Modifier */ = {
			isa = PBXGroup;
			children = (
				22A929B8248EB09500E9C0B8 /* Cardify.swift */,
			);
			path = Modifier;
			sourceTree = "<group>";
		};
		2C21ACE024845430003738D0 /* Extension */ = {
			isa = PBXGroup;
			children = (
				2C21ACDE2484538D003738D0 /* Array+Identifiable.swift */,
				2C21ACE224845997003738D0 /* Array+Only.swift */,
				2C69680124A2297C00F82822 /* UIColor+RGB.swift */,
				2C69680324A22A7600F82822 /* Data+UTF8.swift */,
				2CCE94EE24B2463700F7EEFA /* Array+Equatable.swift */,
			);
			path = Extension;
			sourceTree = "<group>";
		};
		2C230B5F247967D80041C22A = {
			isa = PBXGroup;
			children = (
				2C230B6A247967D80041C22A /* Memorize */,
				2C230B69247967D80041C22A /* Products */,
			);
			sourceTree = "<group>";
		};
		2C230B69247967D80041C22A /* Products */ = {
			isa = PBXGroup;
			children = (
				2C230B68247967D80041C22A /* Memorize.app */,
			);
			name = Products;
			sourceTree = "<group>";
		};
		2C230B6A247967D80041C22A /* Memorize */ = {
			isa = PBXGroup;
			children = (
				2C21ACE024845430003738D0 /* Extension */,
				2C98ADBC24844950009568AF /* Views */,
				2C98ADBD2484495C009568AF /* ViewModel */,
				2C98ADC0248449B4009568AF /* Model */,
				2C230B6D247967D80041C22A /* SceneDelegate.swift */,
				2C230B6B247967D80041C22A /* AppDelegate.swift */,
				2C230B71247967DA0041C22A /* Assets.xcassets */,
				2C230B76247967DA0041C22A /* LaunchScreen.storyboard */,
				2C230B79247967DA0041C22A /* Info.plist */,
				2C230B73247967DA0041C22A /* Preview Content */,
			);
			path = Memorize;
			sourceTree = "<group>";
		};
		2C230B73247967DA0041C22A /* Preview Content */ = {
			isa = PBXGroup;
			children = (
				2C230B74247967DA0041C22A /* Preview Assets.xcassets */,
			);
			path = "Preview Content";
			sourceTree = "<group>";
		};
		2C98ADBC24844950009568AF /* Views */ = {
			isa = PBXGroup;
			children = (
				2C3CBAFD24A7FCC800C86C52 /* ThemeEditorView.swift */,
				2C996B89248A884E009DDDB4 /* ThemeChooserView.swift */,
				2C230B6F247967D80041C22A /* EmojiMemoryGameView.swift */,
				2C230B7F247975F20041C22A /* CardView.swift */,
				2C98ADC324844DCB009568AF /* ReusableViews */,
				22A929BA248EB09A00E9C0B8 /* Modifier */,
			);
			path = Views;
			sourceTree = "<group>";
		};
		2C98ADBD2484495C009568AF /* ViewModel */ = {
			isa = PBXGroup;
			children = (
				2C98ADBE248449A5009568AF /* EmojiMemoryGame.swift */,
				2C3E367A24B0C7CC00485349 /* EmojiMemoryThemeStore.swift */,
			);
			path = ViewModel;
			sourceTree = "<group>";
		};
		2C98ADC0248449B4009568AF /* Model */ = {
			isa = PBXGroup;
			children = (
				2CAE89242479DEEE00906C55 /* MemoryGame.swift */,
				2C517F86248529C300C894DA /* Theme.swift */,
			);
			path = Model;
			sourceTree = "<group>";
		};
		2C98ADC324844DCB009568AF /* ReusableViews */ = {
			isa = PBXGroup;
			children = (
				2C98ADC424844F20009568AF /* GridLayout.swift */,
				2C98ADC124844DC6009568AF /* Grid.swift */,
				22A929B6248E829F00E9C0B8 /* Pie.swift */,
				2C4F62D224A8F58E00DE3099 /* ColorPalette.swift */,
			);
			path = ReusableViews;
			sourceTree = "<group>";
		};
/* End PBXGroup section */

/* Begin PBXNativeTarget section */
		2C230B67247967D80041C22A /* Memorize */ = {
			isa = PBXNativeTarget;
			buildConfigurationList = 2C230B7C247967DA0041C22A /* Build configuration list for PBXNativeTarget "Memorize" */;
			buildPhases = (
				2C230B64247967D80041C22A /* Sources */,
				2C230B65247967D80041C22A /* Frameworks */,
				2C230B66247967D80041C22A /* Resources */,
			);
			buildRules = (
			);
			dependencies = (
			);
			name = Memorize;
			productName = Momorize;
			productReference = 2C230B68247967D80041C22A /* Memorize.app */;
			productType = "com.apple.product-type.application";
		};
/* End PBXNativeTarget section */

/* Begin PBXProject section */
		2C230B60247967D80041C22A /* Project object */ = {
			isa = PBXProject;
			attributes = {
				LastSwiftUpdateCheck = 1140;
				LastUpgradeCheck = 1140;
				ORGANIZATIONNAME = Ivan;
				TargetAttributes = {
					2C230B67247967D80041C22A = {
						CreatedOnToolsVersion = 11.4.1;
					};
				};
			};
			buildConfigurationList = 2C230B63247967D80041C22A /* Build configuration list for PBXProject "Memorize" */;
			compatibilityVersion = "Xcode 9.3";
			developmentRegion = en;
			hasScannedForEncodings = 0;
			knownRegions = (
				en,
				Base,
			);
			mainGroup = 2C230B5F247967D80041C22A;
			productRefGroup = 2C230B69247967D80041C22A /* Products */;
			projectDirPath = "";
			projectRoot = "";
			targets = (
				2C230B67247967D80041C22A /* Memorize */,
			);
		};
/* End PBXProject section */

/* Begin PBXResourcesBuildPhase section */
		2C230B66247967D80041C22A /* Resources */ = {
			isa = PBXResourcesBuildPhase;
			buildActionMask = 2147483647;
			files = (
				2C230B78247967DA0041C22A /* LaunchScreen.storyboard in Resources */,
				2C230B75247967DA0041C22A /* Preview Assets.xcassets in Resources */,
				2C230B72247967DA0041C22A /* Assets.xcassets in Resources */,
			);
			runOnlyForDeploymentPostprocessing = 0;
		};
/* End PBXResourcesBuildPhase section */

/* Begin PBXSourcesBuildPhase section */
		2C230B64247967D80041C22A /* Sources */ = {
			isa = PBXSourcesBuildPhase;
			buildActionMask = 2147483647;
			files = (
				2C517F87248529C300C894DA /* Theme.swift in Sources */,
				2C69680224A2297C00F82822 /* UIColor+RGB.swift in Sources */,
				2C230B6C247967D80041C22A /* AppDelegate.swift in Sources */,
				2C230B6E247967D80041C22A /* SceneDelegate.swift in Sources */,
				2CAE89252479DEEE00906C55 /* MemoryGame.swift in Sources */,
				2C3E367B24B0C7CC00485349 /* EmojiMemoryThemeStore.swift in Sources */,
				2C21ACE324845997003738D0 /* Array+Only.swift in Sources */,
				2C69680424A22A7600F82822 /* Data+UTF8.swift in Sources */,
				2C230B80247975F20041C22A /* CardView.swift in Sources */,
				2C996B8A248A884E009DDDB4 /* ThemeChooserView.swift in Sources */,
				2CCE94EF24B2463700F7EEFA /* Array+Equatable.swift in Sources */,
				2C21ACDF2484538D003738D0 /* Array+Identifiable.swift in Sources */,
				22A929B9248EB09500E9C0B8 /* Cardify.swift in Sources */,
				2C3CBAFE24A7FCC800C86C52 /* ThemeEditorView.swift in Sources */,
				2C4F62D324A8F58E00DE3099 /* ColorPalette.swift in Sources */,
				2C230B70247967D80041C22A /* EmojiMemoryGameView.swift in Sources */,
				2C98ADC224844DC6009568AF /* Grid.swift in Sources */,
				22A929B7248E829F00E9C0B8 /* Pie.swift in Sources */,
				2C98ADBF248449A5009568AF /* EmojiMemoryGame.swift in Sources */,
				2C98ADC524844F20009568AF /* GridLayout.swift in Sources */,
			);
			runOnlyForDeploymentPostprocessing = 0;
		};
/* End PBXSourcesBuildPhase section */

/* Begin PBXVariantGroup section */
		2C230B76247967DA0041C22A /* LaunchScreen.storyboard */ = {
			isa = PBXVariantGroup;
			children = (
				2C230B77247967DA0041C22A /* Base */,
			);
			name = LaunchScreen.storyboard;
			sourceTree = "<group>";
		};
/* End PBXVariantGroup section */

/* Begin XCBuildConfiguration section */
		2C230B7A247967DA0041C22A /* Debug */ = {
			isa = XCBuildConfiguration;
			buildSettings = {
				ALWAYS_SEARCH_USER_PATHS = NO;
				CLANG_ANALYZER_NONNULL = YES;
				CLANG_ANALYZER_NUMBER_OBJECT_CONVERSION = YES_AGGRESSIVE;
				CLANG_CXX_LANGUAGE_STANDARD = "gnu++14";
				CLANG_CXX_LIBRARY = "libc++";
				CLANG_ENABLE_MODULES = YES;
				CLANG_ENABLE_OBJC_ARC = YES;
				CLANG_ENABLE_OBJC_WEAK = YES;
				CLANG_WARN_BLOCK_CAPTURE_AUTORELEASING = YES;
				CLANG_WARN_BOOL_CONVERSION = YES;
				CLANG_WARN_COMMA = YES;
				CLANG_WARN_CONSTANT_CONVERSION = YES;
				CLANG_WARN_DEPRECATED_OBJC_IMPLEMENTATIONS = YES;
				CLANG_WARN_DIRECT_OBJC_ISA_USAGE = YES_ERROR;
				CLANG_WARN_DOCUMENTATION_COMMENTS = YES;
				CLANG_WARN_EMPTY_BODY = YES;
				CLANG_WARN_ENUM_CONVERSION = YES;
				CLANG_WARN_INFINITE_RECURSION = YES;
				CLANG_WARN_INT_CONVERSION = YES;
				CLANG_WARN_NON_LITERAL_NULL_CONVERSION = YES;
				CLANG_WARN_OBJC_IMPLICIT_RETAIN_SELF = YES;
				CLANG_WARN_OBJC_LITERAL_CONVERSION = YES;
				CLANG_WARN_OBJC_ROOT_CLASS = YES_ERROR;
				CLANG_WARN_RANGE_LOOP_ANALYSIS = YES;
				CLANG_WARN_STRICT_PROTOTYPES = YES;
				CLANG_WARN_SUSPICIOUS_MOVE = YES;
				CLANG_WARN_UNGUARDED_AVAILABILITY = YES_AGGRESSIVE;
				CLANG_WARN_UNREACHABLE_CODE = YES;
				CLANG_WARN__DUPLICATE_METHOD_MATCH = YES;
				COPY_PHASE_STRIP = NO;
				DEBUG_INFORMATION_FORMAT = dwarf;
				ENABLE_STRICT_OBJC_MSGSEND = YES;
				ENABLE_TESTABILITY = YES;
				GCC_C_LANGUAGE_STANDARD = gnu11;
				GCC_DYNAMIC_NO_PIC = NO;
				GCC_NO_COMMON_BLOCKS = YES;
				GCC_OPTIMIZATION_LEVEL = 0;
				GCC_PREPROCESSOR_DEFINITIONS = (
					"DEBUG=1",
					"$(inherited)",
				);
				GCC_WARN_64_TO_32_BIT_CONVERSION = YES;
				GCC_WARN_ABOUT_RETURN_TYPE = YES_ERROR;
				GCC_WARN_UNDECLARED_SELECTOR = YES;
				GCC_WARN_UNINITIALIZED_AUTOS = YES_AGGRESSIVE;
				GCC_WARN_UNUSED_FUNCTION = YES;
				GCC_WARN_UNUSED_VARIABLE = YES;
				IPHONEOS_DEPLOYMENT_TARGET = 13.4;
				MTL_ENABLE_DEBUG_INFO = INCLUDE_SOURCE;
				MTL_FAST_MATH = YES;
				ONLY_ACTIVE_ARCH = YES;
				SDKROOT = iphoneos;
				SWIFT_ACTIVE_COMPILATION_CONDITIONS = DEBUG;
				SWIFT_OPTIMIZATION_LEVEL = "-Onone";
			};
			name = Debug;
		};
		2C230B7B247967DA0041C22A /* Release */ = {
			isa = XCBuildConfiguration;
			buildSettings = {
				ALWAYS_SEARCH_USER_PATHS = NO;
				CLANG_ANALYZER_NONNULL = YES;
				CLANG_ANALYZER_NUMBER_OBJECT_CONVERSION = YES_AGGRESSIVE;
				CLANG_CXX_LANGUAGE_STANDARD = "gnu++14";
				CLANG_CXX_LIBRARY = "libc++";
				CLANG_ENABLE_MODULES = YES;
				CLANG_ENABLE_OBJC_ARC = YES;
				CLANG_ENABLE_OBJC_WEAK = YES;
				CLANG_WARN_BLOCK_CAPTURE_AUTORELEASING = YES;
				CLANG_WARN_BOOL_CONVERSION = YES;
				CLANG_WARN_COMMA = YES;
				CLANG_WARN_CONSTANT_CONVERSION = YES;
				CLANG_WARN_DEPRECATED_OBJC_IMPLEMENTATIONS = YES;
				CLANG_WARN_DIRECT_OBJC_ISA_USAGE = YES_ERROR;
				CLANG_WARN_DOCUMENTATION_COMMENTS = YES;
				CLANG_WARN_EMPTY_BODY = YES;
				CLANG_WARN_ENUM_CONVERSION = YES;
				CLANG_WARN_INFINITE_RECURSION = YES;
				CLANG_WARN_INT_CONVERSION = YES;
				CLANG_WARN_NON_LITERAL_NULL_CONVERSION = YES;
				CLANG_WARN_OBJC_IMPLICIT_RETAIN_SELF = YES;
				CLANG_WARN_OBJC_LITERAL_CONVERSION = YES;
				CLANG_WARN_OBJC_ROOT_CLASS = YES_ERROR;
				CLANG_WARN_RANGE_LOOP_ANALYSIS = YES;
				CLANG_WARN_STRICT_PROTOTYPES = YES;
				CLANG_WARN_SUSPICIOUS_MOVE = YES;
				CLANG_WARN_UNGUARDED_AVAILABILITY = YES_AGGRESSIVE;
				CLANG_WARN_UNREACHABLE_CODE = YES;
				CLANG_WARN__DUPLICATE_METHOD_MATCH = YES;
				COPY_PHASE_STRIP = NO;
				DEBUG_INFORMATION_FORMAT = "dwarf-with-dsym";
				ENABLE_NS_ASSERTIONS = NO;
				ENABLE_STRICT_OBJC_MSGSEND = YES;
				GCC_C_LANGUAGE_STANDARD = gnu11;
				GCC_NO_COMMON_BLOCKS = YES;
				GCC_WARN_64_TO_32_BIT_CONVERSION = YES;
				GCC_WARN_ABOUT_RETURN_TYPE = YES_ERROR;
				GCC_WARN_UNDECLARED_SELECTOR = YES;
				GCC_WARN_UNINITIALIZED_AUTOS = YES_AGGRESSIVE;
				GCC_WARN_UNUSED_FUNCTION = YES;
				GCC_WARN_UNUSED_VARIABLE = YES;
				IPHONEOS_DEPLOYMENT_TARGET = 13.4;
				MTL_ENABLE_DEBUG_INFO = NO;
				MTL_FAST_MATH = YES;
				SDKROOT = iphoneos;
				SWIFT_COMPILATION_MODE = wholemodule;
				SWIFT_OPTIMIZATION_LEVEL = "-O";
				VALIDATE_PRODUCT = YES;
			};
			name = Release;
		};
		2C230B7D247967DA0041C22A /* Debug */ = {
			isa = XCBuildConfiguration;
			buildSettings = {
				ASSETCATALOG_COMPILER_APPICON_NAME = AppIcon;
				CODE_SIGN_STYLE = Automatic;
				DEVELOPMENT_ASSET_PATHS = "\"Memorize/Preview Content\"";
				DEVELOPMENT_TEAM = X9Z952FV3F;
				ENABLE_PREVIEWS = YES;
				INFOPLIST_FILE = "$(SRCROOT)/Memorize/Info.plist";
				LD_RUNPATH_SEARCH_PATHS = (
					"$(inherited)",
					"@executable_path/Frameworks",
				);
				PRODUCT_BUNDLE_IDENTIFIER = br.com.bihl.Memorize;
				PRODUCT_NAME = Memorize;
				SWIFT_VERSION = 5.0;
				TARGETED_DEVICE_FAMILY = "1,2";
			};
			name = Debug;
		};
		2C230B7E247967DA0041C22A /* Release */ = {
			isa = XCBuildConfiguration;
			buildSettings = {
				ASSETCATALOG_COMPILER_APPICON_NAME = AppIcon;
				CODE_SIGN_STYLE = Automatic;
				DEVELOPMENT_ASSET_PATHS = "\"Memorize/Preview Content\"";
				DEVELOPMENT_TEAM = X9Z952FV3F;
				ENABLE_PREVIEWS = YES;
				INFOPLIST_FILE = "$(SRCROOT)/Memorize/Info.plist";
				LD_RUNPATH_SEARCH_PATHS = (
					"$(inherited)",
					"@executable_path/Frameworks",
				);
				PRODUCT_BUNDLE_IDENTIFIER = br.com.bihl.Memorize;
				PRODUCT_NAME = Memorize;
				SWIFT_VERSION = 5.0;
				TARGETED_DEVICE_FAMILY = "1,2";
			};
			name = Release;
		};
/* End XCBuildConfiguration section */

/* Begin XCConfigurationList section */
		2C230B63247967D80041C22A /* Build configuration list for PBXProject "Memorize" */ = {
			isa = XCConfigurationList;
			buildConfigurations = (
				2C230B7A247967DA0041C22A /* Debug */,
				2C230B7B247967DA0041C22A /* Release */,
			);
			defaultConfigurationIsVisible = 0;
			defaultConfigurationName = Release;
		};
		2C230B7C247967DA0041C22A /* Build configuration list for PBXNativeTarget "Memorize" */ = {
			isa = XCConfigurationList;
			buildConfigurations = (
				2C230B7D247967DA0041C22A /* Debug */,
				2C230B7E247967DA0041C22A /* Release */,
			);
			defaultConfigurationIsVisible = 0;
			defaultConfigurationName = Release;
		};
/* End XCConfigurationList section */
	};
	rootObject = 2C230B60247967D80041C22A /* Project object */;
}
